
Microsoft Visual Studio Solution File, Format Version 12.00
# Visual Studio Version 16
VisualStudioVersion = 16.0.809.4
MinimumVisualStudioVersion = 10.0.40219.1
Project("{FAE04EC0-301F-11D3-BF4B-00C04F79EFBC}") = "CSharpTutorial", "CSharpTutorial\CSharpTutorial.csproj", "{9D18CBD3-AF13-428D-B086-AFE71F56FF27}"
EndProject
Global
	GlobalSection(SolutionConfigurationPlatforms) = preSolution
		Debug|Any CPU = Debug|Any CPU
		Release|Any CPU = Release|Any CPU
	EndGlobalSection
	GlobalSection(ProjectConfigurationPlatforms) = postSolution
		{9D18CBD3-AF13-428D-B086-AFE71F56FF27}.Debug|Any CPU.ActiveCfg = Debug|Any CPU
		{9D18CBD3-AF13-428D-B086-AFE71F56FF27}.Debug|Any CPU.Build.0 = Debug|Any CPU
		{9D18CBD3-AF13-428D-B086-AFE71F56FF27}.Release|Any CPU.ActiveCfg = Release|Any CPU
		{9D18CBD3-AF13-428D-B086-AFE71F56FF27}.Release|Any CPU.Build.0 = Release|Any CPU
	EndGlobalSection
	GlobalSection(SolutionProperties) = preSolution
		HideSolutionNode = FALSE
	EndGlobalSection
	GlobalSection(ExtensibilityGlobals) = postSolution
		SolutionGuid = {7FCC0F12-08DC-4A88-B942-F4FC3D4ECB3C}
	EndGlobalSection
EndGlobal
